
Microsoft Visual Studio Solution File, Format Version 12.00
# Visual Studio Version 17
VisualStudioVersion = 17.3.32929.385
MinimumVisualStudioVersion = 10.0.40219.1
Project("{FAE04EC0-301F-11D3-BF4B-00C04F79EFBC}") = "Analysis of Algorithms", "Analysis of Algorithms.csproj", "{94800996-24E1-471B-997F-B71EFBC6F396}"
EndProject
Global
	GlobalSection(SolutionConfigurationPlatforms) = preSolution
		Debug|Any CPU = Debug|Any CPU
		Release|Any CPU = Release|Any CPU
	EndGlobalSection
	GlobalSection(ProjectConfigurationPlatforms) = postSolution
		{94800996-24E1-471B-997F-B71EFBC6F396}.Debug|Any CPU.ActiveCfg = Debug|Any CPU
		{94800996-24E1-471B-997F-B71EFBC6F396}.Debug|Any CPU.Build.0 = Debug|Any CPU
		{94800996-24E1-471B-997F-B71EFBC6F396}.Release|Any CPU.ActiveCfg = Release|Any CPU
		{94800996-24E1-471B-997F-B71EFBC6F396}.Release|Any CPU.Build.0 = Release|Any CPU
	EndGlobalSection
	GlobalSection(SolutionProperties) = preSolution
		HideSolutionNode = FALSE
	EndGlobalSection
	GlobalSection(ExtensibilityGlobals) = postSolution
		SolutionGuid = {BC371D66-493F-48C1-AC1E-E24662C078E7}
	EndGlobalSection
EndGlobal
